// !$*UTF8*$!
{
	archiveVersion = 1;
	classes = {
	};
	objectVersion = 46;
	objects = {

/* Begin PBXBuildFile section */
		2F2B35A61A754F7C0029071F /* bg_small.jpg in Resources */ = {isa = PBXBuildFile; fileRef = 2F2B35A51A754F7C0029071F /* bg_small.jpg */; };
		2F8A2CB31A724202000A15EB /* AppDelegate.swift in Sources */ = {isa = PBXBuildFile; fileRef = 2F8A2CB21A724202000A15EB /* AppDelegate.swift */; };
		2F8A2CB61A724202000A15EB /* MyWeather.xcdatamodeld in Sources */ = {isa = PBXBuildFile; fileRef = 2F8A2CB41A724202000A15EB /* MyWeather.xcdatamodeld */; };
		2F8A2CB81A724202000A15EB /* ViewController.swift in Sources */ = {isa = PBXBuildFile; fileRef = 2F8A2CB71A724202000A15EB /* ViewController.swift */; };
		2F8A2CBB1A724202000A15EB /* Main.storyboard in Resources */ = {isa = PBXBuildFile; fileRef = 2F8A2CB91A724202000A15EB /* Main.storyboard */; };
		2F8A2CBD1A724202000A15EB /* Images.xcassets in Resources */ = {isa = PBXBuildFile; fileRef = 2F8A2CBC1A724202000A15EB /* Images.xcassets */; };
		2F8A2CC01A724202000A15EB /* LaunchScreen.xib in Resources */ = {isa = PBXBuildFile; fileRef = 2F8A2CBE1A724202000A15EB /* LaunchScreen.xib */; };
		2F8A2CCC1A724202000A15EB /* MyWeatherTests.swift in Sources */ = {isa = PBXBuildFile; fileRef = 2F8A2CCB1A724202000A15EB /* MyWeatherTests.swift */; };
		2FBD52AA1A7652E500F807CE /* Location.swift in Sources */ = {isa = PBXBuildFile; fileRef = 2FBD52A91A7652E500F807CE /* Location.swift */; };
/* End PBXBuildFile section */

/* Begin PBXContainerItemProxy section */
		2F8A2CC61A724202000A15EB /* PBXContainerItemProxy */ = {
			isa = PBXContainerItemProxy;
			containerPortal = 2F8A2CA51A724202000A15EB /* Project object */;
			proxyType = 1;
			remoteGlobalIDString = 2F8A2CAC1A724202000A15EB;
			remoteInfo = MyWeather;
		};
/* End PBXContainerItemProxy section */

/* Begin PBXFileReference section */
		2F2B35A51A754F7C0029071F /* bg_small.jpg */ = {isa = PBXFileReference; lastKnownFileType = image.jpeg; path = bg_small.jpg; sourceTree = "<group>"; };
		2F8A2CAD1A724202000A15EB /* MyWeather.app */ = {isa = PBXFileReference; explicitFileType = wrapper.application; includeInIndex = 0; path = MyWeather.app; sourceTree = BUILT_PRODUCTS_DIR; };
		2F8A2CB11A724202000A15EB /* Info.plist */ = {isa = PBXFileReference; lastKnownFileType = text.plist.xml; path = Info.plist; sourceTree = "<group>"; };
		2F8A2CB21A724202000A15EB /* AppDelegate.swift */ = {isa = PBXFileReference; lastKnownFileType = sourcecode.swift; path = AppDelegate.swift; sourceTree = "<group>"; };
		2F8A2CB51A724202000A15EB /* MyWeather.xcdatamodel */ = {isa = PBXFileReference; lastKnownFileType = wrapper.xcdatamodel; path = MyWeather.xcdatamodel; sourceTree = "<group>"; };
		2F8A2CB71A724202000A15EB /* ViewController.swift */ = {isa = PBXFileReference; lastKnownFileType = sourcecode.swift; path = ViewController.swift; sourceTree = "<group>"; };
		2F8A2CBA1A724202000A15EB /* Base */ = {isa = PBXFileReference; lastKnownFileType = file.storyboard; name = Base; path = Base.lproj/Main.storyboard; sourceTree = "<group>"; };
		2F8A2CBC1A724202000A15EB /* Images.xcassets */ = {isa = PBXFileReference; lastKnownFileType = folder.assetcatalog; path = Images.xcassets; sourceTree = "<group>"; };
		2F8A2CBF1A724202000A15EB /* Base */ = {isa = PBXFileReference; lastKnownFileType = file.xib; name = Base; path = Base.lproj/LaunchScreen.xib; sourceTree = "<group>"; };
		2F8A2CC51A724202000A15EB /* MyWeatherTests.xctest */ = {isa = PBXFileReference; explicitFileType = wrapper.cfbundle; includeInIndex = 0; path = MyWeatherTests.xctest; sourceTree = BUILT_PRODUCTS_DIR; };
		2F8A2CCA1A724202000A15EB /* Info.plist */ = {isa = PBXFileReference; lastKnownFileType = text.plist.xml; path = Info.plist; sourceTree = "<group>"; };
		2F8A2CCB1A724202000A15EB /* MyWeatherTests.swift */ = {isa = PBXFileReference; lastKnownFileType = sourcecode.swift; path = MyWeatherTests.swift; sourceTree = "<group>"; };
		2FBD52A91A7652E500F807CE /* Location.swift */ = {isa = PBXFileReference; fileEncoding = 4; lastKnownFileType = sourcecode.swift; path = Location.swift; sourceTree = "<group>"; };
/* End PBXFileReference section */

/* Begin PBXFrameworksBuildPhase section */
		2F8A2CAA1A724202000A15EB /* Frameworks */ = {
			isa = PBXFrameworksBuildPhase;
			buildActionMask = 2147483647;
			files = (
			);
			runOnlyForDeploymentPostprocessing = 0;
		};
		2F8A2CC21A724202000A15EB /* Frameworks */ = {
			isa = PBXFrameworksBuildPhase;
			buildActionMask = 2147483647;
			files = (
			);
			runOnlyForDeploymentPostprocessing = 0;
		};
/* End PBXFrameworksBuildPhase section */

/* Begin PBXGroup section */
		2F8A2CA41A724202000A15EB = {
			isa = PBXGroup;
			children = (
				2F8A2CAF1A724202000A15EB /* MyWeather */,
				2F8A2CC81A724202000A15EB /* MyWeatherTests */,
				2F8A2CAE1A724202000A15EB /* Products */,
			);
			sourceTree = "<group>";
		};
		2F8A2CAE1A724202000A15EB /* Products */ = {
			isa = PBXGroup;
			children = (
				2F8A2CAD1A724202000A15EB /* MyWeather.app */,
				2F8A2CC51A724202000A15EB /* MyWeatherTests.xctest */,
			);
			name = Products;
			sourceTree = "<group>";
		};
		2F8A2CAF1A724202000A15EB /* MyWeather */ = {
			isa = PBXGroup;
			children = (
				2F2B35A51A754F7C0029071F /* bg_small.jpg */,
				2F8A2CB21A724202000A15EB /* AppDelegate.swift */,
				2F8A2CB71A724202000A15EB /* ViewController.swift */,
				2F8A2CB91A724202000A15EB /* Main.storyboard */,
				2F8A2CBC1A724202000A15EB /* Images.xcassets */,
				2F8A2CBE1A724202000A15EB /* LaunchScreen.xib */,
				2F8A2CB41A724202000A15EB /* MyWeather.xcdatamodeld */,
				2F8A2CB01A724202000A15EB /* Supporting Files */,
				2FBD52A91A7652E500F807CE /* Location.swift */,
			);
			path = MyWeather;
			sourceTree = "<group>";
		};
		2F8A2CB01A724202000A15EB /* Supporting Files */ = {
			isa = PBXGroup;
			children = (
				2F8A2CB11A724202000A15EB /* Info.plist */,
			);
			name = "Supporting Files";
			sourceTree = "<group>";
		};
		2F8A2CC81A724202000A15EB /* MyWeatherTests */ = {
			isa = PBXGroup;
			children = (
				2F8A2CCB1A724202000A15EB /* MyWeatherTests.swift */,
				2F8A2CC91A724202000A15EB /* Supporting Files */,
			);
			path = MyWeatherTests;
			sourceTree = "<group>";
		};
		2F8A2CC91A724202000A15EB /* Supporting Files */ = {
			isa = PBXGroup;
			children = (
				2F8A2CCA1A724202000A15EB /* Info.plist */,
			);
			name = "Supporting Files";
			sourceTree = "<group>";
		};
/* End PBXGroup section */

/* Begin PBXNativeTarget section */
		2F8A2CAC1A724202000A15EB /* MyWeather */ = {
			isa = PBXNativeTarget;
			buildConfigurationList = 2F8A2CCF1A724202000A15EB /* Build configuration list for PBXNativeTarget "MyWeather" */;
			buildPhases = (
				2F8A2CA91A724202000A15EB /* Sources */,
				2F8A2CAA1A724202000A15EB /* Frameworks */,
				2F8A2CAB1A724202000A15EB /* Resources */,
			);
			buildRules = (
			);
			dependencies = (
			);
			name = MyWeather;
			productName = MyWeather;
			productReference = 2F8A2CAD1A724202000A15EB /* MyWeather.app */;
			productType = "com.apple.product-type.application";
		};
		2F8A2CC41A724202000A15EB /* MyWeatherTests */ = {
			isa = PBXNativeTarget;
			buildConfigurationList = 2F8A2CD21A724202000A15EB /* Build configuration list for PBXNativeTarget "MyWeatherTests" */;
			buildPhases = (
				2F8A2CC11A724202000A15EB /* Sources */,
				2F8A2CC21A724202000A15EB /* Frameworks */,
				2F8A2CC31A724202000A15EB /* Resources */,
			);
			buildRules = (
			);
			dependencies = (
				2F8A2CC71A724202000A15EB /* PBXTargetDependency */,
			);
			name = MyWeatherTests;
			productName = MyWeatherTests;
			productReference = 2F8A2CC51A724202000A15EB /* MyWeatherTests.xctest */;
			productType = "com.apple.product-type.bundle.unit-test";
		};
/* End PBXNativeTarget section */

/* Begin PBXProject section */
		2F8A2CA51A724202000A15EB /* Project object */ = {
			isa = PBXProject;
			attributes = {
				LastUpgradeCheck = 0610;
				ORGANIZATIONNAME = "Mikael Kopteff";
				TargetAttributes = {
					2F8A2CAC1A724202000A15EB = {
						CreatedOnToolsVersion = 6.1.1;
						DevelopmentTeam = JXNJYC9443;
					};
					2F8A2CC41A724202000A15EB = {
						CreatedOnToolsVersion = 6.1.1;
						TestTargetID = 2F8A2CAC1A724202000A15EB;
					};
				};
			};
			buildConfigurationList = 2F8A2CA81A724202000A15EB /* Build configuration list for PBXProject "MyWeather" */;
			compatibilityVersion = "Xcode 3.2";
			developmentRegion = English;
			hasScannedForEncodings = 0;
			knownRegions = (
				en,
				Base,
			);
			mainGroup = 2F8A2CA41A724202000A15EB;
			productRefGroup = 2F8A2CAE1A724202000A15EB /* Products */;
			projectDirPath = "";
			projectRoot = "";
			targets = (
				2F8A2CAC1A724202000A15EB /* MyWeather */,
				2F8A2CC41A724202000A15EB /* MyWeatherTests */,
			);
		};
/* End PBXProject section */

/* Begin PBXResourcesBuildPhase section */
		2F8A2CAB1A724202000A15EB /* Resources */ = {
			isa = PBXResourcesBuildPhase;
			buildActionMask = 2147483647;
			files = (
				2F8A2CBB1A724202000A15EB /* Main.storyboard in Resources */,
				2F8A2CC01A724202000A15EB /* LaunchScreen.xib in Resources */,
				2F8A2CBD1A724202000A15EB /* Images.xcassets in Resources */,
				2F2B35A61A754F7C0029071F /* bg_small.jpg in Resources */,
			);
			runOnlyForDeploymentPostprocessing = 0;
		};
		2F8A2CC31A724202000A15EB /* Resources */ = {
			isa = PBXResourcesBuildPhase;
			buildActionMask = 2147483647;
			files = (
			);
			runOnlyForDeploymentPostprocessing = 0;
		};
/* End PBXResourcesBuildPhase section */

/* Begin PBXSourcesBuildPhase section */
		2F8A2CA91A724202000A15EB /* Sources */ = {
			isa = PBXSourcesBuildPhase;
			buildActionMask = 2147483647;
			files = (
				2F8A2CB81A724202000A15EB /* ViewController.swift in Sources */,
				2F8A2CB61A724202000A15EB /* MyWeather.xcdatamodeld in Sources */,
				2FBD52AA1A7652E500F807CE /* Location.swift in Sources */,
				2F8A2CB31A724202000A15EB /* AppDelegate.swift in Sources */,
			);
			runOnlyForDeploymentPostprocessing = 0;
		};
		2F8A2CC11A724202000A15EB /* Sources */ = {
			isa = PBXSourcesBuildPhase;
			buildActionMask = 2147483647;
			files = (
				2F8A2CCC1A724202000A15EB /* MyWeatherTests.swift in Sources */,
			);
			runOnlyForDeploymentPostprocessing = 0;
		};
/* End PBXSourcesBuildPhase section */

/* Begin PBXTargetDependency section */
		2F8A2CC71A724202000A15EB /* PBXTargetDependency */ = {
			isa = PBXTargetDependency;
			target = 2F8A2CAC1A724202000A15EB /* MyWeather */;
			targetProxy = 2F8A2CC61A724202000A15EB /* PBXContainerItemProxy */;
		};
/* End PBXTargetDependency section */

/* Begin PBXVariantGroup section */
		2F8A2CB91A724202000A15EB /* Main.storyboard */ = {
			isa = PBXVariantGroup;
			children = (
				2F8A2CBA1A724202000A15EB /* Base */,
			);
			name = Main.storyboard;
			sourceTree = "<group>";
		};
		2F8A2CBE1A724202000A15EB /* LaunchScreen.xib */ = {
			isa = PBXVariantGroup;
			children = (
				2F8A2CBF1A724202000A15EB /* Base */,
			);
			name = LaunchScreen.xib;
			sourceTree = "<group>";
		};
/* End PBXVariantGroup section */

/* Begin XCBuildConfiguration section */
		2F8A2CCD1A724202000A15EB /* Debug */ = {
			isa = XCBuildConfiguration;
			buildSettings = {
				ALWAYS_SEARCH_USER_PATHS = NO;
				CLANG_CXX_LANGUAGE_STANDARD = "gnu++0x";
				CLANG_CXX_LIBRARY = "libc++";
				CLANG_ENABLE_MODULES = YES;
				CLANG_ENABLE_OBJC_ARC = YES;
				CLANG_WARN_BOOL_CONVERSION = YES;
				CLANG_WARN_CONSTANT_CONVERSION = YES;
				CLANG_WARN_DIRECT_OBJC_ISA_USAGE = YES_ERROR;
				CLANG_WARN_EMPTY_BODY = YES;
				CLANG_WARN_ENUM_CONVERSION = YES;
				CLANG_WARN_INT_CONVERSION = YES;
				CLANG_WARN_OBJC_ROOT_CLASS = YES_ERROR;
				CLANG_WARN_UNREACHABLE_CODE = YES;
				CLANG_WARN__DUPLICATE_METHOD_MATCH = YES;
				"CODE_SIGN_IDENTITY[sdk=iphoneos*]" = "iPhone Developer";
				COPY_PHASE_STRIP = NO;
				ENABLE_STRICT_OBJC_MSGSEND = YES;
				GCC_C_LANGUAGE_STANDARD = gnu99;
				GCC_DYNAMIC_NO_PIC = NO;
				GCC_OPTIMIZATION_LEVEL = 0;
				GCC_PREPROCESSOR_DEFINITIONS = (
					"DEBUG=1",
					"$(inherited)",
				);
				GCC_SYMBOLS_PRIVATE_EXTERN = NO;
				GCC_WARN_64_TO_32_BIT_CONVERSION = YES;
				GCC_WARN_ABOUT_RETURN_TYPE = YES_ERROR;
				GCC_WARN_UNDECLARED_SELECTOR = YES;
				GCC_WARN_UNINITIALIZED_AUTOS = YES_AGGRESSIVE;
				GCC_WARN_UNUSED_FUNCTION = YES;
				GCC_WARN_UNUSED_VARIABLE = YES;
				IPHONEOS_DEPLOYMENT_TARGET = 8.1;
				MTL_ENABLE_DEBUG_INFO = YES;
				ONLY_ACTIVE_ARCH = YES;
				SDKROOT = iphoneos;
				SWIFT_OPTIMIZATION_LEVEL = "-Onone";
				TARGETED_DEVICE_FAMILY = 1;
			};
			name = Debug;
		};
		2F8A2CCE1A724202000A15EB /* Release */ = {
			isa = XCBuildConfiguration;
			buildSettings = {
				ALWAYS_SEARCH_USER_PATHS = NO;
				CLANG_CXX_LANGUAGE_STANDARD = "gnu++0x";
				CLANG_CXX_LIBRARY = "libc++";
				CLANG_ENABLE_MODULES = YES;
				CLANG_ENABLE_OBJC_ARC = YES;
				CLANG_WARN_BOOL_CONVERSION = YES;
				CLANG_WARN_CONSTANT_CONVERSION = YES;
				CLANG_WARN_DIRECT_OBJC_ISA_USAGE = YES_ERROR;
				CLANG_WARN_EMPTY_BODY = YES;
				CLANG_WARN_ENUM_CONVERSION = YES;
				CLANG_WARN_INT_CONVERSION = YES;
				CLANG_WARN_OBJC_ROOT_CLASS = YES_ERROR;
				CLANG_WARN_UNREACHABLE_CODE = YES;
				CLANG_WARN__DUPLICATE_METHOD_MATCH = YES;
				"CODE_SIGN_IDENTITY[sdk=iphoneos*]" = "iPhone Developer";
				COPY_PHASE_STRIP = YES;
				ENABLE_NS_ASSERTIONS = NO;
				ENABLE_STRICT_OBJC_MSGSEND = YES;
				GCC_C_LANGUAGE_STANDARD = gnu99;
				GCC_WARN_64_TO_32_BIT_CONVERSION = YES;
				GCC_WARN_ABOUT_RETURN_TYPE = YES_ERROR;
				GCC_WARN_UNDECLARED_SELECTOR = YES;
				GCC_WARN_UNINITIALIZED_AUTOS = YES_AGGRESSIVE;
				GCC_WARN_UNUSED_FUNCTION = YES;
				GCC_WARN_UNUSED_VARIABLE = YES;
				IPHONEOS_DEPLOYMENT_TARGET = 8.1;
				MTL_ENABLE_DEBUG_INFO = NO;
				SDKROOT = iphoneos;
				TARGETED_DEVICE_FAMILY = 1;
				VALIDATE_PRODUCT = YES;
			};
			name = Release;
		};
		2F8A2CD01A724202000A15EB /* Debug */ = {
			isa = XCBuildConfiguration;
			buildSettings = {
				ASSETCATALOG_COMPILER_APPICON_NAME = AppIcon;
				CODE_SIGN_IDENTITY = "iPhone Developer";
				"CODE_SIGN_IDENTITY[sdk=iphoneos*]" = "iPhone Developer";
				INFOPLIST_FILE = MyWeather/Info.plist;
				LD_RUNPATH_SEARCH_PATHS = "$(inherited) @executable_path/Frameworks";
				PRODUCT_NAME = "$(TARGET_NAME)";
				PROVISIONING_PROFILE = "";
				TARGETED_DEVICE_FAMILY = 1;
			};
			name = Debug;
		};
		2F8A2CD11A724202000A15EB /* Release */ = {
			isa = XCBuildConfiguration;
			buildSettings = {
				ASSETCATALOG_COMPILER_APPICON_NAME = AppIcon;
				CODE_SIGN_IDENTITY = "iPhone Developer";
				"CODE_SIGN_IDENTITY[sdk=iphoneos*]" = "iPhone Developer";
				INFOPLIST_FILE = MyWeather/Info.plist;
				LD_RUNPATH_SEARCH_PATHS = "$(inherited) @executable_path/Frameworks";
				PRODUCT_NAME = "$(TARGET_NAME)";
				PROVISIONING_PROFILE = "";
				TARGETED_DEVICE_FAMILY = 1;
			};
			name = Release;
		};
		2F8A2CD31A724202000A15EB /* Debug */ = {
			isa = XCBuildConfiguration;
			buildSettings = {
				BUNDLE_LOADER = "$(TEST_HOST)";
				FRAMEWORK_SEARCH_PATHS = (
					"$(SDKROOT)/Developer/Library/Frameworks",
					"$(inherited)",
				);
				GCC_PREPROCESSOR_DEFINITIONS = (
					"DEBUG=1",
					"$(inherited)",
				);
				INFOPLIST_FILE = MyWeatherTests/Info.plist;
				LD_RUNPATH_SEARCH_PATHS = "$(inherited) @executable_path/Frameworks @loader_path/Frameworks";
				PRODUCT_NAME = "$(TARGET_NAME)";
				TEST_HOST = "$(BUILT_PRODUCTS_DIR)/MyWeather.app/MyWeather";
			};
			name = Debug;
		};
		2F8A2CD41A724202000A15EB /* Release */ = {
			isa = XCBuildConfiguration;
			buildSettings = {
				BUNDLE_LOADER = "$(TEST_HOST)";
				FRAMEWORK_SEARCH_PATHS = (
					"$(SDKROOT)/Developer/Library/Frameworks",
					"$(inherited)",
				);
				INFOPLIST_FILE = MyWeatherTests/Info.plist;
				LD_RUNPATH_SEARCH_PATHS = "$(inherited) @executable_path/Frameworks @loader_path/Frameworks";
				PRODUCT_NAME = "$(TARGET_NAME)";
				TEST_HOST = "$(BUILT_PRODUCTS_DIR)/MyWeather.app/MyWeather";
			};
			name = Release;
		};
/* End XCBuildConfiguration section */

/* Begin XCConfigurationList section */
		2F8A2CA81A724202000A15EB /* Build configuration list for PBXProject "MyWeather" */ = {
			isa = XCConfigurationList;
			buildConfigurations = (
				2F8A2CCD1A724202000A15EB /* Debug */,
				2F8A2CCE1A724202000A15EB /* Release */,
			);
			defaultConfigurationIsVisible = 0;
			defaultConfigurationName = Release;
		};
		2F8A2CCF1A724202000A15EB /* Build configuration list for PBXNativeTarget "MyWeather" */ = {
			isa = XCConfigurationList;
			buildConfigurations = (
				2F8A2CD01A724202000A15EB /* Debug */,
				2F8A2CD11A724202000A15EB /* Release */,
			);
			defaultConfigurationIsVisible = 0;
			defaultConfigurationName = Release;
		};
		2F8A2CD21A724202000A15EB /* Build configuration list for PBXNativeTarget "MyWeatherTests" */ = {
			isa = XCConfigurationList;
			buildConfigurations = (
				2F8A2CD31A724202000A15EB /* Debug */,
				2F8A2CD41A724202000A15EB /* Release */,
			);
			defaultConfigurationIsVisible = 0;
			defaultConfigurationName = Release;
		};
/* End XCConfigurationList section */

/* Begin XCVersionGroup section */
		2F8A2CB41A724202000A15EB /* MyWeather.xcdatamodeld */ = {
			isa = XCVersionGroup;
			children = (
				2F8A2CB51A724202000A15EB /* MyWeather.xcdatamodel */,
			);
			currentVersion = 2F8A2CB51A724202000A15EB /* MyWeather.xcdatamodel */;
			path = MyWeather.xcdatamodeld;
			sourceTree = "<group>";
			versionGroupType = wrapper.xcdatamodel;
		};
/* End XCVersionGroup section */
	};
	rootObject = 2F8A2CA51A724202000A15EB /* Project object */;
}
